{
  "nodes": {
    "darwin": {
      "inputs": {
        "nixpkgs": [
          "nixpkgs"
        ]
      },
      "locked": {
        "lastModified": 1667294277,
        "narHash": "sha256-YhVGYUpPZNpJZ8z3Sq9aT6n1/B8vKtfRfwaCtbsosxk=",
        "owner": "lnl7",
        "repo": "nix-darwin",
        "rev": "b7177030643374e698c29e993c2808efa7b85aaf",
        "type": "github"
      },
      "original": {
        "owner": "lnl7",
        "repo": "nix-darwin",
        "type": "github"
      }
    },
    "flake-utils": {
      "locked": {
        "lastModified": 1667077288,
        "narHash": "sha256-bdC8sFNDpT0HK74u9fUkpbf1MEzVYJ+ka7NXCdgBoaA=",
        "owner": "numtide",
        "repo": "flake-utils",
        "rev": "6ee9ebb6b1ee695d2cacc4faa053a7b9baa76817",
        "type": "github"
      },
      "original": {
        "owner": "numtide",
        "repo": "flake-utils",
        "type": "github"
      }
    },
    "home-manager": {
      "inputs": {
        "nixpkgs": [
          "nixpkgs"
        ],
        "utils": "utils"
      },
      "locked": {
        "lastModified": 1667347482,
        "narHash": "sha256-KuRYeitjusSdkJ/PeHzPfAIVwVjbtG5v+To6ffy8tiQ=",
        "owner": "nix-community",
        "repo": "home-manager",
        "rev": "04e844090ed17298bfbe0f8249109b15770571bc",
        "type": "github"
      },
      "original": {
        "owner": "nix-community",
        "repo": "home-manager",
        "type": "github"
      }
    },
    "nixpkgs": {
      "locked": {
        "lastModified": 1667292599,
        "narHash": "sha256-7ISOUI1aj6UKMPIL+wwthENL22L3+A9V+jS8Is3QsRo=",
        "owner": "nixos",
        "repo": "nixpkgs",
        "rev": "ef2f213d9659a274985778bff4ca322f3ef3ac68",
        "type": "github"
      },
      "original": {
        "owner": "nixos",
        "ref": "nixpkgs-unstable",
        "repo": "nixpkgs",
        "type": "github"
      }
    },
    "nixpkgs-21-05": {
      "locked": {
        "lastModified": 1622516815,
        "narHash": "sha256-ZjBd81a6J3TwtlBr3rHsZspYUwT9OdhDk+a/SgSEf7I=",
        "owner": "nixos",
        "repo": "nixpkgs",
        "rev": "7e9b0dff974c89e070da1ad85713ff3c20b0ca97",
        "type": "github"
      },
      "original": {
        "owner": "nixos",
        "ref": "21.05",
        "repo": "nixpkgs",
        "type": "github"
      }
    },
    "nixpkgs-21-11": {
      "locked": {
        "lastModified": 1638239011,
        "narHash": "sha256-AjhmbT4UBlJWqxY0ea8a6GU2C2HdKUREkG43oRr3TZg=",
        "owner": "nixos",
        "repo": "nixpkgs",
        "rev": "a7ecde854aee5c4c7cd6177f54a99d2c1ff28a31",
        "type": "github"
      },
      "original": {
        "owner": "nixos",
        "ref": "21.11",
        "repo": "nixpkgs",
        "type": "github"
      }
    },
    "nixpkgs-22-05": {
      "locked": {
        "lastModified": 1653936696,
        "narHash": "sha256-M6bJShji9AIDZ7Kh7CPwPBPb/T7RiVev2PAcOi4fxDQ=",
        "owner": "nixos",
        "repo": "nixpkgs",
        "rev": "ce6aa13369b667ac2542593170993504932eb836",
        "type": "github"
      },
      "original": {
        "owner": "nixos",
        "ref": "22.05",
        "repo": "nixpkgs",
        "type": "github"
      }
    },
    "root": {
      "inputs": {
        "darwin": "darwin",
        "flake-utils": "flake-utils",
        "home-manager": "home-manager",
        "nixpkgs": "nixpkgs",
        "nixpkgs-21-05": "nixpkgs-21-05",
        "nixpkgs-21-11": "nixpkgs-21-11",
        "nixpkgs-22-05": "nixpkgs-22-05"
      }
    },
    "utils": {
      "locked": {
        "lastModified": 1667077288,
        "narHash": "sha256-bdC8sFNDpT0HK74u9fUkpbf1MEzVYJ+ka7NXCdgBoaA=",
        "owner": "numtide",
        "repo": "flake-utils",
        "rev": "6ee9ebb6b1ee695d2cacc4faa053a7b9baa76817",
        "type": "github"
      },
      "original": {
        "owner": "numtide",
        "repo": "flake-utils",
        "type": "github"
      }
    }
  },
  "root": "root",
  "version": 7
}
